
Microsoft Visual Studio Solution File, Format Version 12.00
# Visual Studio 2013
VisualStudioVersion = 12.0.40629.0
MinimumVisualStudioVersion = 10.0.40219.1
Project("{FAE04EC0-301F-11D3-BF4B-00C04F79EFBC}") = "Skeleton.Core.Service", "Skeleton.Core.Service\Skeleton.Core.Service.csproj", "{B06DEE96-287F-421B-9171-7C2A276ED5CC}"
EndProject
Project("{FAE04EC0-301F-11D3-BF4B-00C04F79EFBC}") = "Skeleton.Infrastructure.Data", "Skeleton.Infrastructure.Data\Skeleton.Infrastructure.Data.csproj", "{07953EE3-E1F8-48E6-BCFC-C938AF4B5F27}"
EndProject
Project("{FAE04EC0-301F-11D3-BF4B-00C04F79EFBC}") = "Skeleton.Infrastructure.Repository", "Skeleton.Infrastructure.Repository\Skeleton.Infrastructure.Repository.csproj", "{D246546E-E1E1-431A-9E3F-116128D3AFD9}"
EndProject
Project("{FAE04EC0-301F-11D3-BF4B-00C04F79EFBC}") = "Skeleton.Common", "Skeleton.Common\Skeleton.Common.csproj", "{AFB0B1CD-FC99-40EB-A0EF-2460451C8E67}"
EndProject
Project("{FAE04EC0-301F-11D3-BF4B-00C04F79EFBC}") = "Skeleton.Infrastructure.Logging", "Skeleton.Infrastructure.Logging\Skeleton.Infrastructure.Logging.csproj", "{DB2464DA-A301-44A0-8EEB-E5B8C16BD7F8}"
EndProject
Project("{FAE04EC0-301F-11D3-BF4B-00C04F79EFBC}") = "Skeleton.Infrastructure.DependencyResolver", "Skeleton.Infrastructure.DependencyResolver\Skeleton.Infrastructure.DependencyResolver.csproj", "{97FA52F3-1D4E-4A5D-870C-03E8CA4AFD58}"
EndProject
Project("{FAE04EC0-301F-11D3-BF4B-00C04F79EFBC}") = "Skeleton.Core.Domain", "Skeleton.Core.Domain\Skeleton.Core.Domain.csproj", "{3E857F30-96F5-4A3D-B10F-CCF89BF4D467}"
EndProject
Project("{FAE04EC0-301F-11D3-BF4B-00C04F79EFBC}") = "Skeleton.Core.Repository", "Skeleton.Core.Repository\Skeleton.Core.Repository.csproj", "{6E2901D9-48AE-405B-8353-8E299C7693E5}"
EndProject
Project("{FAE04EC0-301F-11D3-BF4B-00C04F79EFBC}") = "Skeleton.Infrastructure.Service", "Skeleton.Infrastructure.Service\Skeleton.Infrastructure.Service.csproj", "{75ECBC4D-2AA1-44F4-8AF9-49ACA990962F}"
EndProject
Project("{FAE04EC0-301F-11D3-BF4B-00C04F79EFBC}") = "Skeleton.Tests", "Skeleton.Tests\Skeleton.Tests.csproj", "{54063976-2135-4994-A69C-9EACE310589C}"
EndProject
Project("{2150E333-8FDC-42A3-9474-1A3956D46DE8}") = "01 - Common", "01 - Common", "{AD261700-E759-499D-88E8-46663BBD2319}"
EndProject
Project("{2150E333-8FDC-42A3-9474-1A3956D46DE8}") = "02 - Core", "02 - Core", "{4ECC01D5-6996-4DB4-ACB8-4952D96D1982}"
EndProject
Project("{2150E333-8FDC-42A3-9474-1A3956D46DE8}") = "03 - Infrastructure", "03 - Infrastructure", "{3836DA6A-25E1-4B49-B6D2-B43CD04470E8}"
EndProject
Project("{2150E333-8FDC-42A3-9474-1A3956D46DE8}") = "99 - Tests", "99 - Tests", "{872ED20B-A2F4-45E6-8179-4E8CE0B3F183}"
EndProject
Project("{2150E333-8FDC-42A3-9474-1A3956D46DE8}") = "10 - Web", "10 - Web", "{0E57CFA5-D4C4-42BD-8CFE-502E6E28E81F}"
EndProject
Project("{FAE04EC0-301F-11D3-BF4B-00C04F79EFBC}") = "Skeleton.Web.Owin", "Skeleton.Web.Owin\Skeleton.Web.Owin.csproj", "{BAED475C-271C-48AF-81C3-B7E4D27BAFD0}"
EndProject
Global
	GlobalSection(TeamFoundationVersionControl) = preSolution
		SccNumberOfProjects = 12
		SccEnterpriseProvider = {4CA58AB2-18FA-4F8D-95D4-32DDF27D184C}
		SccTeamFoundationServer = https://jej666.visualstudio.com/
		SccLocalPath0 = .
		SccProjectUniqueName1 = Skeleton.Common\\Skeleton.Common.csproj
		SccProjectTopLevelParentUniqueName1 = Skeleton.sln
		SccProjectName1 = Skeleton.Common
		SccLocalPath1 = Skeleton.Common
		SccProjectUniqueName2 = Skeleton.Core.Domain\\Skeleton.Core.Domain.csproj
		SccProjectTopLevelParentUniqueName2 = Skeleton.sln
		SccProjectName2 = Skeleton.Core.Domain
		SccLocalPath2 = Skeleton.Core.Domain
		SccProjectUniqueName3 = Skeleton.Core.Repository\\Skeleton.Core.Repository.csproj
		SccProjectTopLevelParentUniqueName3 = Skeleton.sln
		SccProjectName3 = Skeleton.Core.Repository
		SccLocalPath3 = Skeleton.Core.Repository
		SccProjectUniqueName4 = Skeleton.Core.Service\\Skeleton.Core.Service.csproj
		SccProjectTopLevelParentUniqueName4 = Skeleton.sln
		SccProjectName4 = Skeleton.Core.Service
		SccLocalPath4 = Skeleton.Core.Service
		SccProjectUniqueName5 = Skeleton.Infrastructure.Data\\Skeleton.Infrastructure.Data.csproj
		SccProjectTopLevelParentUniqueName5 = Skeleton.sln
		SccProjectName5 = Skeleton.Infrastructure.Data
		SccLocalPath5 = Skeleton.Infrastructure.Data
		SccProjectUniqueName6 = Skeleton.Infrastructure.DependencyResolver\\Skeleton.Infrastructure.DependencyResolver.csproj
		SccProjectTopLevelParentUniqueName6 = Skeleton.sln
		SccProjectName6 = Skeleton.Infrastructure.DependencyResolver
		SccLocalPath6 = Skeleton.Infrastructure.DependencyResolver
		SccProjectUniqueName7 = Skeleton.Infrastructure.Logging\\Skeleton.Infrastructure.Logging.csproj
		SccProjectTopLevelParentUniqueName7 = Skeleton.sln
		SccProjectName7 = Skeleton.Infrastructure.Logging
		SccLocalPath7 = Skeleton.Infrastructure.Logging
		SccProjectUniqueName8 = Skeleton.Infrastructure.Repository\\Skeleton.Infrastructure.Repository.csproj
		SccProjectTopLevelParentUniqueName8 = Skeleton.sln
		SccProjectName8 = Skeleton.Infrastructure.Repository
		SccLocalPath8 = Skeleton.Infrastructure.Repository
		SccProjectUniqueName9 = Skeleton.Infrastructure.Service\\Skeleton.Infrastructure.Service.csproj
		SccProjectTopLevelParentUniqueName9 = Skeleton.sln
		SccProjectName9 = Skeleton.Infrastructure.Service
		SccLocalPath9 = Skeleton.Infrastructure.Service
		SccProjectUniqueName10 = Skeleton.Tests\\Skeleton.Tests.csproj
		SccProjectTopLevelParentUniqueName10 = Skeleton.sln
		SccProjectName10 = Skeleton.Tests
		SccLocalPath10 = Skeleton.Tests
		SccProjectUniqueName11 = Skeleton.Web.Owin\\Skeleton.Web.Owin.csproj
		SccProjectTopLevelParentUniqueName11 = Skeleton.sln
		SccProjectName11 = Skeleton.Web.Owin
		SccLocalPath11 = Skeleton.Web.Owin
	EndGlobalSection
	GlobalSection(SolutionConfigurationPlatforms) = preSolution
		Debug|Any CPU = Debug|Any CPU
		Release|Any CPU = Release|Any CPU
	EndGlobalSection
	GlobalSection(ProjectConfigurationPlatforms) = postSolution
		{B06DEE96-287F-421B-9171-7C2A276ED5CC}.Debug|Any CPU.ActiveCfg = Debug|Any CPU
		{B06DEE96-287F-421B-9171-7C2A276ED5CC}.Debug|Any CPU.Build.0 = Debug|Any CPU
		{B06DEE96-287F-421B-9171-7C2A276ED5CC}.Release|Any CPU.ActiveCfg = Release|Any CPU
		{B06DEE96-287F-421B-9171-7C2A276ED5CC}.Release|Any CPU.Build.0 = Release|Any CPU
		{07953EE3-E1F8-48E6-BCFC-C938AF4B5F27}.Debug|Any CPU.ActiveCfg = Debug|Any CPU
		{07953EE3-E1F8-48E6-BCFC-C938AF4B5F27}.Debug|Any CPU.Build.0 = Debug|Any CPU
		{07953EE3-E1F8-48E6-BCFC-C938AF4B5F27}.Release|Any CPU.ActiveCfg = Release|Any CPU
		{07953EE3-E1F8-48E6-BCFC-C938AF4B5F27}.Release|Any CPU.Build.0 = Release|Any CPU
		{D246546E-E1E1-431A-9E3F-116128D3AFD9}.Debug|Any CPU.ActiveCfg = Debug|Any CPU
		{D246546E-E1E1-431A-9E3F-116128D3AFD9}.Debug|Any CPU.Build.0 = Debug|Any CPU
		{D246546E-E1E1-431A-9E3F-116128D3AFD9}.Release|Any CPU.ActiveCfg = Release|Any CPU
		{D246546E-E1E1-431A-9E3F-116128D3AFD9}.Release|Any CPU.Build.0 = Release|Any CPU
		{AFB0B1CD-FC99-40EB-A0EF-2460451C8E67}.Debug|Any CPU.ActiveCfg = Debug|Any CPU
		{AFB0B1CD-FC99-40EB-A0EF-2460451C8E67}.Debug|Any CPU.Build.0 = Debug|Any CPU
		{AFB0B1CD-FC99-40EB-A0EF-2460451C8E67}.Release|Any CPU.ActiveCfg = Release|Any CPU
		{AFB0B1CD-FC99-40EB-A0EF-2460451C8E67}.Release|Any CPU.Build.0 = Release|Any CPU
		{DB2464DA-A301-44A0-8EEB-E5B8C16BD7F8}.Debug|Any CPU.ActiveCfg = Debug|Any CPU
		{DB2464DA-A301-44A0-8EEB-E5B8C16BD7F8}.Debug|Any CPU.Build.0 = Debug|Any CPU
		{DB2464DA-A301-44A0-8EEB-E5B8C16BD7F8}.Release|Any CPU.ActiveCfg = Release|Any CPU
		{DB2464DA-A301-44A0-8EEB-E5B8C16BD7F8}.Release|Any CPU.Build.0 = Release|Any CPU
		{97FA52F3-1D4E-4A5D-870C-03E8CA4AFD58}.Debug|Any CPU.ActiveCfg = Debug|Any CPU
		{97FA52F3-1D4E-4A5D-870C-03E8CA4AFD58}.Debug|Any CPU.Build.0 = Debug|Any CPU
		{97FA52F3-1D4E-4A5D-870C-03E8CA4AFD58}.Release|Any CPU.ActiveCfg = Release|Any CPU
		{97FA52F3-1D4E-4A5D-870C-03E8CA4AFD58}.Release|Any CPU.Build.0 = Release|Any CPU
		{3E857F30-96F5-4A3D-B10F-CCF89BF4D467}.Debug|Any CPU.ActiveCfg = Debug|Any CPU
		{3E857F30-96F5-4A3D-B10F-CCF89BF4D467}.Debug|Any CPU.Build.0 = Debug|Any CPU
		{3E857F30-96F5-4A3D-B10F-CCF89BF4D467}.Release|Any CPU.ActiveCfg = Release|Any CPU
		{3E857F30-96F5-4A3D-B10F-CCF89BF4D467}.Release|Any CPU.Build.0 = Release|Any CPU
		{6E2901D9-48AE-405B-8353-8E299C7693E5}.Debug|Any CPU.ActiveCfg = Debug|Any CPU
		{6E2901D9-48AE-405B-8353-8E299C7693E5}.Debug|Any CPU.Build.0 = Debug|Any CPU
		{6E2901D9-48AE-405B-8353-8E299C7693E5}.Release|Any CPU.ActiveCfg = Release|Any CPU
		{6E2901D9-48AE-405B-8353-8E299C7693E5}.Release|Any CPU.Build.0 = Release|Any CPU
		{75ECBC4D-2AA1-44F4-8AF9-49ACA990962F}.Debug|Any CPU.ActiveCfg = Debug|Any CPU
		{75ECBC4D-2AA1-44F4-8AF9-49ACA990962F}.Debug|Any CPU.Build.0 = Debug|Any CPU
		{75ECBC4D-2AA1-44F4-8AF9-49ACA990962F}.Release|Any CPU.ActiveCfg = Release|Any CPU
		{75ECBC4D-2AA1-44F4-8AF9-49ACA990962F}.Release|Any CPU.Build.0 = Release|Any CPU
		{54063976-2135-4994-A69C-9EACE310589C}.Debug|Any CPU.ActiveCfg = Debug|Any CPU
		{54063976-2135-4994-A69C-9EACE310589C}.Debug|Any CPU.Build.0 = Debug|Any CPU
		{54063976-2135-4994-A69C-9EACE310589C}.Release|Any CPU.ActiveCfg = Release|Any CPU
		{54063976-2135-4994-A69C-9EACE310589C}.Release|Any CPU.Build.0 = Release|Any CPU
		{BAED475C-271C-48AF-81C3-B7E4D27BAFD0}.Debug|Any CPU.ActiveCfg = Debug|Any CPU
		{BAED475C-271C-48AF-81C3-B7E4D27BAFD0}.Debug|Any CPU.Build.0 = Debug|Any CPU
		{BAED475C-271C-48AF-81C3-B7E4D27BAFD0}.Release|Any CPU.ActiveCfg = Release|Any CPU
		{BAED475C-271C-48AF-81C3-B7E4D27BAFD0}.Release|Any CPU.Build.0 = Release|Any CPU
	EndGlobalSection
	GlobalSection(SolutionProperties) = preSolution
		HideSolutionNode = FALSE
	EndGlobalSection
	GlobalSection(NestedProjects) = preSolution
		{B06DEE96-287F-421B-9171-7C2A276ED5CC} = {4ECC01D5-6996-4DB4-ACB8-4952D96D1982}
		{07953EE3-E1F8-48E6-BCFC-C938AF4B5F27} = {3836DA6A-25E1-4B49-B6D2-B43CD04470E8}
		{D246546E-E1E1-431A-9E3F-116128D3AFD9} = {3836DA6A-25E1-4B49-B6D2-B43CD04470E8}
		{AFB0B1CD-FC99-40EB-A0EF-2460451C8E67} = {AD261700-E759-499D-88E8-46663BBD2319}
		{DB2464DA-A301-44A0-8EEB-E5B8C16BD7F8} = {3836DA6A-25E1-4B49-B6D2-B43CD04470E8}
		{97FA52F3-1D4E-4A5D-870C-03E8CA4AFD58} = {3836DA6A-25E1-4B49-B6D2-B43CD04470E8}
		{3E857F30-96F5-4A3D-B10F-CCF89BF4D467} = {4ECC01D5-6996-4DB4-ACB8-4952D96D1982}
		{6E2901D9-48AE-405B-8353-8E299C7693E5} = {4ECC01D5-6996-4DB4-ACB8-4952D96D1982}
		{75ECBC4D-2AA1-44F4-8AF9-49ACA990962F} = {3836DA6A-25E1-4B49-B6D2-B43CD04470E8}
		{54063976-2135-4994-A69C-9EACE310589C} = {872ED20B-A2F4-45E6-8179-4E8CE0B3F183}
		{BAED475C-271C-48AF-81C3-B7E4D27BAFD0} = {0E57CFA5-D4C4-42BD-8CFE-502E6E28E81F}
	EndGlobalSection
EndGlobal
