
Microsoft Visual Studio Solution File, Format Version 12.00
# Visual Studio 14
VisualStudioVersion = 14.0.25420.1
MinimumVisualStudioVersion = 10.0.40219.1
Project("{FAE04EC0-301F-11D3-BF4B-00C04F79EFBC}") = "Skeleton.Infrastructure.Data", "Skeleton.Infrastructure.Data\Skeleton.Infrastructure.Data.csproj", "{07953EE3-E1F8-48E6-BCFC-C938AF4B5F27}"
EndProject
Project("{FAE04EC0-301F-11D3-BF4B-00C04F79EFBC}") = "Skeleton.Infrastructure.Orm", "Skeleton.Infrastructure.Orm\Skeleton.Infrastructure.Orm.csproj", "{D246546E-E1E1-431A-9E3F-116128D3AFD9}"
EndProject
Project("{FAE04EC0-301F-11D3-BF4B-00C04F79EFBC}") = "Skeleton.Infrastructure.Logging", "Skeleton.Infrastructure.Logging\Skeleton.Infrastructure.Logging.csproj", "{DB2464DA-A301-44A0-8EEB-E5B8C16BD7F8}"
EndProject
Project("{FAE04EC0-301F-11D3-BF4B-00C04F79EFBC}") = "Skeleton.Infrastructure.DependencyInjection", "Skeleton.Infrastructure.DependencyInjection\Skeleton.Infrastructure.DependencyInjection.csproj", "{97FA52F3-1D4E-4A5D-870C-03E8CA4AFD58}"
EndProject
Project("{FAE04EC0-301F-11D3-BF4B-00C04F79EFBC}") = "Skeleton.Core.Domain", "Skeleton.Core.Domain\Skeleton.Core.Domain.csproj", "{3E857F30-96F5-4A3D-B10F-CCF89BF4D467}"
EndProject
Project("{FAE04EC0-301F-11D3-BF4B-00C04F79EFBC}") = "Skeleton.Tests.Infrastructure", "Skeleton.Tests.Infrastructure\Skeleton.Tests.Infrastructure.csproj", "{54063976-2135-4994-A69C-9EACE310589C}"
EndProject
Project("{2150E333-8FDC-42A3-9474-1A3956D46DE8}") = "02 - Core", "02 - Core", "{4ECC01D5-6996-4DB4-ACB8-4952D96D1982}"
EndProject
Project("{2150E333-8FDC-42A3-9474-1A3956D46DE8}") = "03 - Infrastructure", "03 - Infrastructure", "{3836DA6A-25E1-4B49-B6D2-B43CD04470E8}"
EndProject
Project("{2150E333-8FDC-42A3-9474-1A3956D46DE8}") = "99 - Tests", "99 - Tests", "{872ED20B-A2F4-45E6-8179-4E8CE0B3F183}"
EndProject
Project("{2150E333-8FDC-42A3-9474-1A3956D46DE8}") = "10 - Web", "10 - Web", "{0E57CFA5-D4C4-42BD-8CFE-502E6E28E81F}"
EndProject
Project("{FAE04EC0-301F-11D3-BF4B-00C04F79EFBC}") = "Skeleton.Web.Server", "Skeleton.Web.Server\Skeleton.Web.Server.csproj", "{BAED475C-271C-48AF-81C3-B7E4D27BAFD0}"
EndProject
Project("{FAE04EC0-301F-11D3-BF4B-00C04F79EFBC}") = "Skeleton.Tests.Common", "Skeleton.Tests.Common\Skeleton.Tests.Common.csproj", "{BBBA3147-D2BC-42AA-ABCF-7264EAD6D04C}"
EndProject
Project("{FAE04EC0-301F-11D3-BF4B-00C04F79EFBC}") = "Skeleton.Tests.Web", "Skeleton.Tests.Web\Skeleton.Tests.Web.csproj", "{42AFA67C-3644-438A-BCE3-181D3549481E}"
EndProject
Project("{FAE04EC0-301F-11D3-BF4B-00C04F79EFBC}") = "Skeleton.Web.Client", "Skeleton.Web.Client\Skeleton.Web.Client.csproj", "{0C6FCF97-446E-4FF0-89AE-2B52AA6BA887}"
EndProject
Project("{2150E333-8FDC-42A3-9474-1A3956D46DE8}") = "01 - Shared", "01 - Shared", "{E7580B2A-61D7-4DD1-9F14-3511431608C1}"
EndProject
Project("{FAE04EC0-301F-11D3-BF4B-00C04F79EFBC}") = "Skeleton.Abstraction", "Skeleton.Abstraction\Skeleton.Abstraction.csproj", "{F848F91F-11C7-4E9B-9701-110A467A0853}"
EndProject
Project("{FAE04EC0-301F-11D3-BF4B-00C04F79EFBC}") = "Skeleton.Common", "Skeleton.Common\Skeleton.Common.csproj", "{AFB0B1CD-FC99-40EB-A0EF-2460451C8E67}"
EndProject
Project("{FAE04EC0-301F-11D3-BF4B-00C04F79EFBC}") = "Skeleton.Core.Reflection", "Skeleton.Core.Reflection\Skeleton.Core.Reflection.csproj", "{3E91A67B-9609-4A92-8B3C-6FFF2C3941A9}"
EndProject
Project("{FAE04EC0-301F-11D3-BF4B-00C04F79EFBC}") = "Skeleton.Core.Caching", "Skeleton.Core.Caching\Skeleton.Core.Caching.csproj", "{E86A7537-4A96-4344-94E6-BF5FD4155A1A}"
EndProject
Project("{FAE04EC0-301F-11D3-BF4B-00C04F79EFBC}") = "Skeleton.Tests.Benchmarks", "Skeleton.Tests.Benchmarks\Skeleton.Tests.Benchmarks.csproj", "{C3A6CF1E-201F-4A5D-BC4E-02255709FA75}"
EndProject
Project("{FAE04EC0-301F-11D3-BF4B-00C04F79EFBC}") = "Skeleton.Tests.Core", "Skeleton.Tests.Core\Skeleton.Tests.Core.csproj", "{F0F985CF-A6EF-40DB-A332-2A7F2BBFBC47}"
EndProject
Project("{FAE04EC0-301F-11D3-BF4B-00C04F79EFBC}") = "Skeleton.Documentation.Swagger", "Skeleton.Documentation.Swagger\Skeleton.Documentation.Swagger.csproj", "{4A5157E1-ED78-4BCA-8A42-C782CB96BFCF}"
EndProject
Project("{2150E333-8FDC-42A3-9474-1A3956D46DE8}") = "80 - Documentation", "80 - Documentation", "{CBBD94CA-5332-4A06-971A-75817F0F2878}"
EndProject
Project("{2150E333-8FDC-42A3-9474-1A3956D46DE8}") = "Solution Items", "Solution Items", "{FBFA5BA8-DAD2-4199-B0D0-C71C4381CC8E}"
	ProjectSection(SolutionItems) = preProject
		.tfignore = .tfignore
	EndProjectSection
EndProject
Project("{2150E333-8FDC-42A3-9474-1A3956D46DE8}") = ".nuget", ".nuget", "{1EC804C3-2762-4F6E-98F4-34BBCA7509FC}"
	ProjectSection(SolutionItems) = preProject
		.nuget\NuGet.config = .nuget\NuGet.config
	EndProjectSection
EndProject
Global
	GlobalSection(SolutionConfigurationPlatforms) = preSolution
		Debug|Any CPU = Debug|Any CPU
		Release|Any CPU = Release|Any CPU
	EndGlobalSection
	GlobalSection(ProjectConfigurationPlatforms) = postSolution
		{07953EE3-E1F8-48E6-BCFC-C938AF4B5F27}.Debug|Any CPU.ActiveCfg = Debug|Any CPU
		{07953EE3-E1F8-48E6-BCFC-C938AF4B5F27}.Debug|Any CPU.Build.0 = Debug|Any CPU
		{07953EE3-E1F8-48E6-BCFC-C938AF4B5F27}.Release|Any CPU.ActiveCfg = Release|Any CPU
		{07953EE3-E1F8-48E6-BCFC-C938AF4B5F27}.Release|Any CPU.Build.0 = Release|Any CPU
		{D246546E-E1E1-431A-9E3F-116128D3AFD9}.Debug|Any CPU.ActiveCfg = Debug|Any CPU
		{D246546E-E1E1-431A-9E3F-116128D3AFD9}.Debug|Any CPU.Build.0 = Debug|Any CPU
		{D246546E-E1E1-431A-9E3F-116128D3AFD9}.Release|Any CPU.ActiveCfg = Release|Any CPU
		{D246546E-E1E1-431A-9E3F-116128D3AFD9}.Release|Any CPU.Build.0 = Release|Any CPU
		{DB2464DA-A301-44A0-8EEB-E5B8C16BD7F8}.Debug|Any CPU.ActiveCfg = Debug|Any CPU
		{DB2464DA-A301-44A0-8EEB-E5B8C16BD7F8}.Debug|Any CPU.Build.0 = Debug|Any CPU
		{DB2464DA-A301-44A0-8EEB-E5B8C16BD7F8}.Release|Any CPU.ActiveCfg = Release|Any CPU
		{DB2464DA-A301-44A0-8EEB-E5B8C16BD7F8}.Release|Any CPU.Build.0 = Release|Any CPU
		{97FA52F3-1D4E-4A5D-870C-03E8CA4AFD58}.Debug|Any CPU.ActiveCfg = Debug|Any CPU
		{97FA52F3-1D4E-4A5D-870C-03E8CA4AFD58}.Debug|Any CPU.Build.0 = Debug|Any CPU
		{97FA52F3-1D4E-4A5D-870C-03E8CA4AFD58}.Release|Any CPU.ActiveCfg = Release|Any CPU
		{97FA52F3-1D4E-4A5D-870C-03E8CA4AFD58}.Release|Any CPU.Build.0 = Release|Any CPU
		{3E857F30-96F5-4A3D-B10F-CCF89BF4D467}.Debug|Any CPU.ActiveCfg = Debug|Any CPU
		{3E857F30-96F5-4A3D-B10F-CCF89BF4D467}.Debug|Any CPU.Build.0 = Debug|Any CPU
		{3E857F30-96F5-4A3D-B10F-CCF89BF4D467}.Release|Any CPU.ActiveCfg = Release|Any CPU
		{3E857F30-96F5-4A3D-B10F-CCF89BF4D467}.Release|Any CPU.Build.0 = Release|Any CPU
		{54063976-2135-4994-A69C-9EACE310589C}.Debug|Any CPU.ActiveCfg = Debug|Any CPU
		{54063976-2135-4994-A69C-9EACE310589C}.Debug|Any CPU.Build.0 = Debug|Any CPU
		{54063976-2135-4994-A69C-9EACE310589C}.Release|Any CPU.ActiveCfg = Release|Any CPU
		{54063976-2135-4994-A69C-9EACE310589C}.Release|Any CPU.Build.0 = Release|Any CPU
		{BAED475C-271C-48AF-81C3-B7E4D27BAFD0}.Debug|Any CPU.ActiveCfg = Debug|Any CPU
		{BAED475C-271C-48AF-81C3-B7E4D27BAFD0}.Debug|Any CPU.Build.0 = Debug|Any CPU
		{BAED475C-271C-48AF-81C3-B7E4D27BAFD0}.Release|Any CPU.ActiveCfg = Release|Any CPU
		{BAED475C-271C-48AF-81C3-B7E4D27BAFD0}.Release|Any CPU.Build.0 = Release|Any CPU
		{BBBA3147-D2BC-42AA-ABCF-7264EAD6D04C}.Debug|Any CPU.ActiveCfg = Debug|Any CPU
		{BBBA3147-D2BC-42AA-ABCF-7264EAD6D04C}.Debug|Any CPU.Build.0 = Debug|Any CPU
		{BBBA3147-D2BC-42AA-ABCF-7264EAD6D04C}.Release|Any CPU.ActiveCfg = Release|Any CPU
		{BBBA3147-D2BC-42AA-ABCF-7264EAD6D04C}.Release|Any CPU.Build.0 = Release|Any CPU
		{42AFA67C-3644-438A-BCE3-181D3549481E}.Debug|Any CPU.ActiveCfg = Debug|Any CPU
		{42AFA67C-3644-438A-BCE3-181D3549481E}.Debug|Any CPU.Build.0 = Debug|Any CPU
		{42AFA67C-3644-438A-BCE3-181D3549481E}.Release|Any CPU.ActiveCfg = Release|Any CPU
		{42AFA67C-3644-438A-BCE3-181D3549481E}.Release|Any CPU.Build.0 = Release|Any CPU
		{0C6FCF97-446E-4FF0-89AE-2B52AA6BA887}.Debug|Any CPU.ActiveCfg = Debug|Any CPU
		{0C6FCF97-446E-4FF0-89AE-2B52AA6BA887}.Debug|Any CPU.Build.0 = Debug|Any CPU
		{0C6FCF97-446E-4FF0-89AE-2B52AA6BA887}.Release|Any CPU.ActiveCfg = Release|Any CPU
		{0C6FCF97-446E-4FF0-89AE-2B52AA6BA887}.Release|Any CPU.Build.0 = Release|Any CPU
		{F848F91F-11C7-4E9B-9701-110A467A0853}.Debug|Any CPU.ActiveCfg = Debug|Any CPU
		{F848F91F-11C7-4E9B-9701-110A467A0853}.Debug|Any CPU.Build.0 = Debug|Any CPU
		{F848F91F-11C7-4E9B-9701-110A467A0853}.Release|Any CPU.ActiveCfg = Release|Any CPU
		{F848F91F-11C7-4E9B-9701-110A467A0853}.Release|Any CPU.Build.0 = Release|Any CPU
		{AFB0B1CD-FC99-40EB-A0EF-2460451C8E67}.Debug|Any CPU.ActiveCfg = Debug|Any CPU
		{AFB0B1CD-FC99-40EB-A0EF-2460451C8E67}.Debug|Any CPU.Build.0 = Debug|Any CPU
		{AFB0B1CD-FC99-40EB-A0EF-2460451C8E67}.Release|Any CPU.ActiveCfg = Release|Any CPU
		{AFB0B1CD-FC99-40EB-A0EF-2460451C8E67}.Release|Any CPU.Build.0 = Release|Any CPU
		{3E91A67B-9609-4A92-8B3C-6FFF2C3941A9}.Debug|Any CPU.ActiveCfg = Debug|Any CPU
		{3E91A67B-9609-4A92-8B3C-6FFF2C3941A9}.Debug|Any CPU.Build.0 = Debug|Any CPU
		{3E91A67B-9609-4A92-8B3C-6FFF2C3941A9}.Release|Any CPU.ActiveCfg = Release|Any CPU
		{3E91A67B-9609-4A92-8B3C-6FFF2C3941A9}.Release|Any CPU.Build.0 = Release|Any CPU
		{E86A7537-4A96-4344-94E6-BF5FD4155A1A}.Debug|Any CPU.ActiveCfg = Debug|Any CPU
		{E86A7537-4A96-4344-94E6-BF5FD4155A1A}.Debug|Any CPU.Build.0 = Debug|Any CPU
		{E86A7537-4A96-4344-94E6-BF5FD4155A1A}.Release|Any CPU.ActiveCfg = Release|Any CPU
		{E86A7537-4A96-4344-94E6-BF5FD4155A1A}.Release|Any CPU.Build.0 = Release|Any CPU
		{C3A6CF1E-201F-4A5D-BC4E-02255709FA75}.Debug|Any CPU.ActiveCfg = Debug|Any CPU
		{C3A6CF1E-201F-4A5D-BC4E-02255709FA75}.Debug|Any CPU.Build.0 = Debug|Any CPU
		{C3A6CF1E-201F-4A5D-BC4E-02255709FA75}.Release|Any CPU.ActiveCfg = Release|Any CPU
		{C3A6CF1E-201F-4A5D-BC4E-02255709FA75}.Release|Any CPU.Build.0 = Release|Any CPU
		{F0F985CF-A6EF-40DB-A332-2A7F2BBFBC47}.Debug|Any CPU.ActiveCfg = Debug|Any CPU
		{F0F985CF-A6EF-40DB-A332-2A7F2BBFBC47}.Debug|Any CPU.Build.0 = Debug|Any CPU
		{F0F985CF-A6EF-40DB-A332-2A7F2BBFBC47}.Release|Any CPU.ActiveCfg = Release|Any CPU
		{F0F985CF-A6EF-40DB-A332-2A7F2BBFBC47}.Release|Any CPU.Build.0 = Release|Any CPU
		{4A5157E1-ED78-4BCA-8A42-C782CB96BFCF}.Debug|Any CPU.ActiveCfg = Debug|Any CPU
		{4A5157E1-ED78-4BCA-8A42-C782CB96BFCF}.Debug|Any CPU.Build.0 = Debug|Any CPU
		{4A5157E1-ED78-4BCA-8A42-C782CB96BFCF}.Release|Any CPU.ActiveCfg = Release|Any CPU
		{4A5157E1-ED78-4BCA-8A42-C782CB96BFCF}.Release|Any CPU.Build.0 = Release|Any CPU
	EndGlobalSection
	GlobalSection(SolutionProperties) = preSolution
		HideSolutionNode = FALSE
	EndGlobalSection
	GlobalSection(NestedProjects) = preSolution
		{07953EE3-E1F8-48E6-BCFC-C938AF4B5F27} = {3836DA6A-25E1-4B49-B6D2-B43CD04470E8}
		{D246546E-E1E1-431A-9E3F-116128D3AFD9} = {3836DA6A-25E1-4B49-B6D2-B43CD04470E8}
		{DB2464DA-A301-44A0-8EEB-E5B8C16BD7F8} = {3836DA6A-25E1-4B49-B6D2-B43CD04470E8}
		{97FA52F3-1D4E-4A5D-870C-03E8CA4AFD58} = {3836DA6A-25E1-4B49-B6D2-B43CD04470E8}
		{3E857F30-96F5-4A3D-B10F-CCF89BF4D467} = {4ECC01D5-6996-4DB4-ACB8-4952D96D1982}
		{54063976-2135-4994-A69C-9EACE310589C} = {872ED20B-A2F4-45E6-8179-4E8CE0B3F183}
		{BAED475C-271C-48AF-81C3-B7E4D27BAFD0} = {0E57CFA5-D4C4-42BD-8CFE-502E6E28E81F}
		{BBBA3147-D2BC-42AA-ABCF-7264EAD6D04C} = {872ED20B-A2F4-45E6-8179-4E8CE0B3F183}
		{42AFA67C-3644-438A-BCE3-181D3549481E} = {872ED20B-A2F4-45E6-8179-4E8CE0B3F183}
		{0C6FCF97-446E-4FF0-89AE-2B52AA6BA887} = {0E57CFA5-D4C4-42BD-8CFE-502E6E28E81F}
		{F848F91F-11C7-4E9B-9701-110A467A0853} = {E7580B2A-61D7-4DD1-9F14-3511431608C1}
		{AFB0B1CD-FC99-40EB-A0EF-2460451C8E67} = {E7580B2A-61D7-4DD1-9F14-3511431608C1}
		{3E91A67B-9609-4A92-8B3C-6FFF2C3941A9} = {4ECC01D5-6996-4DB4-ACB8-4952D96D1982}
		{E86A7537-4A96-4344-94E6-BF5FD4155A1A} = {4ECC01D5-6996-4DB4-ACB8-4952D96D1982}
		{C3A6CF1E-201F-4A5D-BC4E-02255709FA75} = {872ED20B-A2F4-45E6-8179-4E8CE0B3F183}
		{F0F985CF-A6EF-40DB-A332-2A7F2BBFBC47} = {872ED20B-A2F4-45E6-8179-4E8CE0B3F183}
		{4A5157E1-ED78-4BCA-8A42-C782CB96BFCF} = {CBBD94CA-5332-4A06-971A-75817F0F2878}
	EndGlobalSection
	GlobalSection(TeamFoundationVersionControl) = preSolution
		SccNumberOfProjects = 18
		SccEnterpriseProvider = {4CA58AB2-18FA-4F8D-95D4-32DDF27D184C}
		SccTeamFoundationServer = https://jej666.visualstudio.com/
		SccLocalPath0 = .
		SccProjectUniqueName1 = Skeleton.Core.Domain\\Skeleton.Core.Domain.csproj
		SccProjectTopLevelParentUniqueName1 = Skeleton.sln
		SccProjectName1 = Skeleton.Core.Domain
		SccLocalPath1 = Skeleton.Core.Domain
		SccProjectUniqueName2 = Skeleton.Infrastructure.Data\\Skeleton.Infrastructure.Data.csproj
		SccProjectTopLevelParentUniqueName2 = Skeleton.sln
		SccProjectName2 = Skeleton.Infrastructure.Data
		SccLocalPath2 = Skeleton.Infrastructure.Data
		SccProjectUniqueName3 = Skeleton.Infrastructure.Logging\\Skeleton.Infrastructure.Logging.csproj
		SccProjectTopLevelParentUniqueName3 = Skeleton.sln
		SccProjectName3 = Skeleton.Infrastructure.Logging
		SccLocalPath3 = Skeleton.Infrastructure.Logging
		SccProjectUniqueName4 = Skeleton.Web.Client\\Skeleton.Web.Client.csproj
		SccProjectTopLevelParentUniqueName4 = Skeleton.sln
		SccProjectName4 = Skeleton.Web.Client
		SccLocalPath4 = Skeleton.Web.Client
		SccProjectUniqueName5 = Skeleton.Web.Server\\Skeleton.Web.Server.csproj
		SccProjectTopLevelParentUniqueName5 = Skeleton.sln
		SccProjectName5 = Skeleton.Web.Server
		SccLocalPath5 = Skeleton.Web.Server
		SccProjectUniqueName6 = Skeleton.Tests.Web\\Skeleton.Tests.Web.csproj
		SccProjectTopLevelParentUniqueName6 = Skeleton.sln
		SccProjectName6 = Skeleton.Tests.Web
		SccLocalPath6 = Skeleton.Tests.Web
		SccProjectUniqueName7 = Skeleton.Abstraction\\Skeleton.Abstraction.csproj
		SccProjectTopLevelParentUniqueName7 = Skeleton.sln
		SccProjectName7 = Skeleton.Abstraction
		SccLocalPath7 = Skeleton.Abstraction
		SccProjectUniqueName8 = Skeleton.Common\\Skeleton.Common.csproj
		SccProjectTopLevelParentUniqueName8 = Skeleton.sln
		SccProjectName8 = Skeleton.Common
		SccLocalPath8 = Skeleton.Common
		SccProjectUniqueName9 = Skeleton.Core.Reflection\\Skeleton.Core.Reflection.csproj
		SccProjectTopLevelParentUniqueName9 = Skeleton.sln
		SccProjectName9 = Skeleton.Core.Reflection
		SccLocalPath9 = Skeleton.Core.Reflection
		SccProjectUniqueName10 = Skeleton.Core.Caching\\Skeleton.Core.Caching.csproj
		SccProjectTopLevelParentUniqueName10 = Skeleton.sln
		SccProjectName10 = Skeleton.Core.Caching
		SccLocalPath10 = Skeleton.Core.Caching
		SccProjectUniqueName11 = Skeleton.Infrastructure.DependencyInjection\\Skeleton.Infrastructure.DependencyInjection.csproj
		SccProjectTopLevelParentUniqueName11 = Skeleton.sln
		SccProjectName11 = Skeleton.Infrastructure.DependencyInjection
		SccLocalPath11 = Skeleton.Infrastructure.DependencyInjection
		SccProjectUniqueName12 = Skeleton.Tests.Benchmarks\\Skeleton.Tests.Benchmarks.csproj
		SccProjectTopLevelParentUniqueName12 = Skeleton.sln
		SccProjectName12 = Skeleton.Tests.Benchmarks
		SccLocalPath12 = Skeleton.Tests.Benchmarks
		SccProjectUniqueName13 = Skeleton.Tests.Core\\Skeleton.Tests.Core.csproj
		SccProjectTopLevelParentUniqueName13 = Skeleton.sln
		SccProjectName13 = Skeleton.Tests.Core
		SccLocalPath13 = Skeleton.Tests.Core
		SccProjectUniqueName14 = Skeleton.Tests.Common\\Skeleton.Tests.Common.csproj
		SccProjectTopLevelParentUniqueName14 = Skeleton.sln
		SccProjectName14 = Skeleton.Tests.Common
		SccLocalPath14 = Skeleton.Tests.Common
		SccProjectUniqueName15 = Skeleton.Infrastructure.Orm\\Skeleton.Infrastructure.Orm.csproj
		SccProjectTopLevelParentUniqueName15 = Skeleton.sln
		SccProjectName15 = Skeleton.Infrastructure.Orm
		SccLocalPath15 = Skeleton.Infrastructure.Orm
		SccProjectUniqueName16 = Skeleton.Tests.Infrastructure\\Skeleton.Tests.Infrastructure.csproj
		SccProjectTopLevelParentUniqueName16 = Skeleton.sln
		SccProjectName16 = Skeleton.Tests.Infrastructure
		SccLocalPath16 = Skeleton.Tests.Infrastructure
		SccProjectUniqueName17 = Skeleton.Documentation.Swagger\\Skeleton.Documentation.Swagger.csproj
		SccProjectTopLevelParentUniqueName17 = Skeleton.sln
		SccProjectName17 = Skeleton.Documentation.Swagger
		SccLocalPath17 = Skeleton.Documentation.Swagger
	EndGlobalSection
EndGlobal
